
Microsoft Visual Studio Solution File, Format Version 12.00
# Visual Studio 2013
VisualStudioVersion = 12.0.30501.0
MinimumVisualStudioVersion = 10.0.40219.1
Project("{FAE04EC0-301F-11D3-BF4B-00C04F79EFBC}") = "FastFasterAsyncTest", "FastFasterAsyncTest\FastFasterAsyncTest.csproj", "{C5C9A8D0-D234-43E9-ADE3-B98E932725CE}"
EndProject
Project("{FAE04EC0-301F-11D3-BF4B-00C04F79EFBC}") = "FastFasterAsyncWebForms", "FastFasterAsyncWebForms\FastFasterAsyncWebForms.csproj", "{C453B4E5-C051-42BA-BC0B-ED31CCC69E6C}"
EndProject
Global
	GlobalSection(SolutionConfigurationPlatforms) = preSolution
		Debug|Any CPU = Debug|Any CPU
		Release|Any CPU = Release|Any CPU
	EndGlobalSection
	GlobalSection(ProjectConfigurationPlatforms) = postSolution
		{C5C9A8D0-D234-43E9-ADE3-B98E932725CE}.Debug|Any CPU.ActiveCfg = Debug|Any CPU
		{C5C9A8D0-D234-43E9-ADE3-B98E932725CE}.Debug|Any CPU.Build.0 = Debug|Any CPU
		{C5C9A8D0-D234-43E9-ADE3-B98E932725CE}.Release|Any CPU.ActiveCfg = Release|Any CPU
		{C5C9A8D0-D234-43E9-ADE3-B98E932725CE}.Release|Any CPU.Build.0 = Release|Any CPU
		{C453B4E5-C051-42BA-BC0B-ED31CCC69E6C}.Debug|Any CPU.ActiveCfg = Debug|Any CPU
		{C453B4E5-C051-42BA-BC0B-ED31CCC69E6C}.Debug|Any CPU.Build.0 = Debug|Any CPU
		{C453B4E5-C051-42BA-BC0B-ED31CCC69E6C}.Debug|Any CPU.Deploy.0 = Debug|Any CPU
		{C453B4E5-C051-42BA-BC0B-ED31CCC69E6C}.Release|Any CPU.ActiveCfg = Release|Any CPU
		{C453B4E5-C051-42BA-BC0B-ED31CCC69E6C}.Release|Any CPU.Build.0 = Release|Any CPU
	EndGlobalSection
	GlobalSection(SolutionProperties) = preSolution
		HideSolutionNode = FALSE
	EndGlobalSection
EndGlobal
